{
  "name": "less-plugin-run-loader-import",
  "version": "1.0.0",
  "lockfileVersion": 1,
  "requires": true,
  "dependencies": {
    "loader-runner": {
      "version": "4.1.0",
      "resolved": "https://registry.npm.taobao.org/loader-runner/download/loader-runner-4.1.0.tgz?cache=0&sync_timestamp=1601450715716&other_urls=https%3A%2F%2Fregistry.npm.taobao.org%2Floader-runner%2Fdownload%2Floader-runner-4.1.0.tgz",
      "integrity": "sha1-9wvAwp7bq98gQ+fuc8zD/hyWtC0="
    }
  }
}
